{
  "name": "skalex-example-offline-crm",
  "version": "1.0.0",
  "lockfileVersion": 3,
  "requires": true,
  "packages": {
    "": {
      "name": "skalex-example-offline-crm",
      "version": "1.0.0",
      "dependencies": {
        "skalex": "file:../.."
      }
    },
    "../..": {
      "version": "4.0.0-alpha",
      "license": "Apache-2.0",
      "devDependencies": {
        "@rollup/plugin-commonjs": "^29.0.2",
        "@rollup/plugin-node-resolve": "^16.0.3",
        "@rollup/plugin-terser": "^1.0.0",
        "playwright": "^1.58.2",
        "rollup": "^4.60.0",
        "vitest": "^4.1.2"
      },
      "engines": {
        "node": ">=18.0.0"
      }
    },
    "node_modules/skalex": {
      "resolved": "../..",
      "link": true
    }
  }
}
